
Microsoft Visual Studio Solution File, Format Version 12.00
# Visual Studio Version 16
VisualStudioVersion = 16.0.30611.23
MinimumVisualStudioVersion = 10.0.40219.1
Project("{9A19103F-16F7-4668-BE54-9A1E7A4F7556}") = "ExamRegister.WebApi", "src\ExamRegister.WebApi\ExamRegister.WebApi.csproj", "{0C0A046F-A33C-4BCD-BCB6-91F7E94A5C86}"
	ProjectSection(ProjectDependencies) = postProject
		{0F6E1F58-0936-46A0-9922-F639B844D0C7} = {0F6E1F58-0936-46A0-9922-F639B844D0C7}
	EndProjectSection
EndProject
Project("{2150E333-8FDC-42A3-9474-1A3956D46DE8}") = "src", "src", "{240FED3A-1195-40E2-98F3-152BBFDAEC23}"
EndProject
Project("{2150E333-8FDC-42A3-9474-1A3956D46DE8}") = "01 - business", "01 - business", "{C57EB822-D4CA-41A3-A1DE-CABFD63CFD70}"
EndProject
Project("{2150E333-8FDC-42A3-9474-1A3956D46DE8}") = "02 - DA", "02 - DA", "{D6A289AB-A2E6-4D51-A7AA-2A9285EFA943}"
EndProject
Project("{2150E333-8FDC-42A3-9474-1A3956D46DE8}") = "03 - Mapper", "03 - Mapper", "{E04339F7-FB2B-4876-BCAE-EE21173A45FD}"
EndProject
Project("{2150E333-8FDC-42A3-9474-1A3956D46DE8}") = "04 - Validation", "04 - Validation", "{742BC796-BF9A-452B-8FD3-57B8978E01E5}"
EndProject
Project("{2150E333-8FDC-42A3-9474-1A3956D46DE8}") = "05 - APIs", "05 - APIs", "{749C61A0-09D9-4964-8016-F5D245ECE9C4}"
EndProject
Project("{9A19103F-16F7-4668-BE54-9A1E7A4F7556}") = "ExamRegister.Business", "src\ExamRegister.Business\ExamRegister.Business.csproj", "{5BB82AF4-40D8-4561-86AC-8A86F3D68E7C}"
EndProject
Project("{9A19103F-16F7-4668-BE54-9A1E7A4F7556}") = "ExamRegister.Business.Abstractions", "src\ExamRegister.Business.Abstractions\ExamRegister.Business.Abstractions.csproj", "{074980F1-B822-41B1-89B7-4D26C2C614C3}"
EndProject
Project("{9A19103F-16F7-4668-BE54-9A1E7A4F7556}") = "ExamRegister.Mapper", "src\ExamRegister.Mapper\ExamRegister.Mapper.csproj", "{0F6E1F58-0936-46A0-9922-F639B844D0C7}"
EndProject
Project("{9A19103F-16F7-4668-BE54-9A1E7A4F7556}") = "ExamRegister.ModelValidation", "src\ExamRegister.ModelValidation\ExamRegister.ModelValidation.csproj", "{44CFB245-C992-492B-B65B-BE1A121FFB5D}"
EndProject
Project("{9A19103F-16F7-4668-BE54-9A1E7A4F7556}") = "ExamRegister.WebApi.Abstractions", "src\ExamRegister.WebApi.Abstractions\ExamRegister.WebApi.Abstractions.csproj", "{2683648C-E4A4-4B96-93CE-C7E5DC22E7C0}"
EndProject
Project("{9A19103F-16F7-4668-BE54-9A1E7A4F7556}") = "ExamRegister.DA", "src\ExamRegister.DA\ExamRegister.DA.csproj", "{91606887-F96A-49F4-ADE1-6EF6B971367D}"
EndProject
Project("{9A19103F-16F7-4668-BE54-9A1E7A4F7556}") = "ExamRegister.DA.Abstractions", "src\ExamRegister.DA.Abstractions\ExamRegister.DA.Abstractions.csproj", "{8964685A-FAB6-4077-92E0-F7FF93ECE25A}"
EndProject
Project("{9A19103F-16F7-4668-BE54-9A1E7A4F7556}") = "Scaffold", "src\Scaffold\Scaffold.csproj", "{5C22713F-5272-4B5B-929A-AA086DF73425}"
EndProject
Project("{2150E333-8FDC-42A3-9474-1A3956D46DE8}") = "tests", "tests", "{B64806A8-6C03-4891-BBE3-880493650BB7}"
EndProject
Project("{9A19103F-16F7-4668-BE54-9A1E7A4F7556}") = "ExamRegister.DA.tests", "src\ExamRegister.DA.tests\ExamRegister.DA.tests.csproj", "{D04FB2A4-EFA5-45AA-9E1F-4A7D06D8E3B8}"
EndProject
Global
	GlobalSection(SolutionConfigurationPlatforms) = preSolution
		Debug|Any CPU = Debug|Any CPU
		Release|Any CPU = Release|Any CPU
	EndGlobalSection
	GlobalSection(ProjectConfigurationPlatforms) = postSolution
		{0C0A046F-A33C-4BCD-BCB6-91F7E94A5C86}.Debug|Any CPU.ActiveCfg = Debug|Any CPU
		{0C0A046F-A33C-4BCD-BCB6-91F7E94A5C86}.Debug|Any CPU.Build.0 = Debug|Any CPU
		{0C0A046F-A33C-4BCD-BCB6-91F7E94A5C86}.Release|Any CPU.ActiveCfg = Release|Any CPU
		{0C0A046F-A33C-4BCD-BCB6-91F7E94A5C86}.Release|Any CPU.Build.0 = Release|Any CPU
		{5BB82AF4-40D8-4561-86AC-8A86F3D68E7C}.Debug|Any CPU.ActiveCfg = Debug|Any CPU
		{5BB82AF4-40D8-4561-86AC-8A86F3D68E7C}.Debug|Any CPU.Build.0 = Debug|Any CPU
		{5BB82AF4-40D8-4561-86AC-8A86F3D68E7C}.Release|Any CPU.ActiveCfg = Release|Any CPU
		{5BB82AF4-40D8-4561-86AC-8A86F3D68E7C}.Release|Any CPU.Build.0 = Release|Any CPU
		{074980F1-B822-41B1-89B7-4D26C2C614C3}.Debug|Any CPU.ActiveCfg = Debug|Any CPU
		{074980F1-B822-41B1-89B7-4D26C2C614C3}.Debug|Any CPU.Build.0 = Debug|Any CPU
		{074980F1-B822-41B1-89B7-4D26C2C614C3}.Release|Any CPU.ActiveCfg = Release|Any CPU
		{074980F1-B822-41B1-89B7-4D26C2C614C3}.Release|Any CPU.Build.0 = Release|Any CPU
		{0F6E1F58-0936-46A0-9922-F639B844D0C7}.Debug|Any CPU.ActiveCfg = Debug|Any CPU
		{0F6E1F58-0936-46A0-9922-F639B844D0C7}.Debug|Any CPU.Build.0 = Debug|Any CPU
		{0F6E1F58-0936-46A0-9922-F639B844D0C7}.Release|Any CPU.ActiveCfg = Release|Any CPU
		{0F6E1F58-0936-46A0-9922-F639B844D0C7}.Release|Any CPU.Build.0 = Release|Any CPU
		{44CFB245-C992-492B-B65B-BE1A121FFB5D}.Debug|Any CPU.ActiveCfg = Debug|Any CPU
		{44CFB245-C992-492B-B65B-BE1A121FFB5D}.Debug|Any CPU.Build.0 = Debug|Any CPU
		{44CFB245-C992-492B-B65B-BE1A121FFB5D}.Release|Any CPU.ActiveCfg = Release|Any CPU
		{44CFB245-C992-492B-B65B-BE1A121FFB5D}.Release|Any CPU.Build.0 = Release|Any CPU
		{2683648C-E4A4-4B96-93CE-C7E5DC22E7C0}.Debug|Any CPU.ActiveCfg = Debug|Any CPU
		{2683648C-E4A4-4B96-93CE-C7E5DC22E7C0}.Debug|Any CPU.Build.0 = Debug|Any CPU
		{2683648C-E4A4-4B96-93CE-C7E5DC22E7C0}.Release|Any CPU.ActiveCfg = Release|Any CPU
		{2683648C-E4A4-4B96-93CE-C7E5DC22E7C0}.Release|Any CPU.Build.0 = Release|Any CPU
		{91606887-F96A-49F4-ADE1-6EF6B971367D}.Debug|Any CPU.ActiveCfg = Debug|Any CPU
		{91606887-F96A-49F4-ADE1-6EF6B971367D}.Debug|Any CPU.Build.0 = Debug|Any CPU
		{91606887-F96A-49F4-ADE1-6EF6B971367D}.Release|Any CPU.ActiveCfg = Release|Any CPU
		{91606887-F96A-49F4-ADE1-6EF6B971367D}.Release|Any CPU.Build.0 = Release|Any CPU
		{8964685A-FAB6-4077-92E0-F7FF93ECE25A}.Debug|Any CPU.ActiveCfg = Debug|Any CPU
		{8964685A-FAB6-4077-92E0-F7FF93ECE25A}.Debug|Any CPU.Build.0 = Debug|Any CPU
		{8964685A-FAB6-4077-92E0-F7FF93ECE25A}.Release|Any CPU.ActiveCfg = Release|Any CPU
		{8964685A-FAB6-4077-92E0-F7FF93ECE25A}.Release|Any CPU.Build.0 = Release|Any CPU
		{5C22713F-5272-4B5B-929A-AA086DF73425}.Debug|Any CPU.ActiveCfg = Debug|Any CPU
		{5C22713F-5272-4B5B-929A-AA086DF73425}.Debug|Any CPU.Build.0 = Debug|Any CPU
		{5C22713F-5272-4B5B-929A-AA086DF73425}.Release|Any CPU.ActiveCfg = Release|Any CPU
		{5C22713F-5272-4B5B-929A-AA086DF73425}.Release|Any CPU.Build.0 = Release|Any CPU
		{D04FB2A4-EFA5-45AA-9E1F-4A7D06D8E3B8}.Debug|Any CPU.ActiveCfg = Debug|Any CPU
		{D04FB2A4-EFA5-45AA-9E1F-4A7D06D8E3B8}.Debug|Any CPU.Build.0 = Debug|Any CPU
		{D04FB2A4-EFA5-45AA-9E1F-4A7D06D8E3B8}.Release|Any CPU.ActiveCfg = Release|Any CPU
		{D04FB2A4-EFA5-45AA-9E1F-4A7D06D8E3B8}.Release|Any CPU.Build.0 = Release|Any CPU
	EndGlobalSection
	GlobalSection(SolutionProperties) = preSolution
		HideSolutionNode = FALSE
	EndGlobalSection
	GlobalSection(NestedProjects) = preSolution
		{0C0A046F-A33C-4BCD-BCB6-91F7E94A5C86} = {749C61A0-09D9-4964-8016-F5D245ECE9C4}
		{C57EB822-D4CA-41A3-A1DE-CABFD63CFD70} = {240FED3A-1195-40E2-98F3-152BBFDAEC23}
		{D6A289AB-A2E6-4D51-A7AA-2A9285EFA943} = {240FED3A-1195-40E2-98F3-152BBFDAEC23}
		{E04339F7-FB2B-4876-BCAE-EE21173A45FD} = {240FED3A-1195-40E2-98F3-152BBFDAEC23}
		{742BC796-BF9A-452B-8FD3-57B8978E01E5} = {240FED3A-1195-40E2-98F3-152BBFDAEC23}
		{749C61A0-09D9-4964-8016-F5D245ECE9C4} = {240FED3A-1195-40E2-98F3-152BBFDAEC23}
		{5BB82AF4-40D8-4561-86AC-8A86F3D68E7C} = {C57EB822-D4CA-41A3-A1DE-CABFD63CFD70}
		{074980F1-B822-41B1-89B7-4D26C2C614C3} = {C57EB822-D4CA-41A3-A1DE-CABFD63CFD70}
		{0F6E1F58-0936-46A0-9922-F639B844D0C7} = {E04339F7-FB2B-4876-BCAE-EE21173A45FD}
		{44CFB245-C992-492B-B65B-BE1A121FFB5D} = {742BC796-BF9A-452B-8FD3-57B8978E01E5}
		{2683648C-E4A4-4B96-93CE-C7E5DC22E7C0} = {749C61A0-09D9-4964-8016-F5D245ECE9C4}
		{91606887-F96A-49F4-ADE1-6EF6B971367D} = {D6A289AB-A2E6-4D51-A7AA-2A9285EFA943}
		{8964685A-FAB6-4077-92E0-F7FF93ECE25A} = {D6A289AB-A2E6-4D51-A7AA-2A9285EFA943}
		{5C22713F-5272-4B5B-929A-AA086DF73425} = {D6A289AB-A2E6-4D51-A7AA-2A9285EFA943}
		{B64806A8-6C03-4891-BBE3-880493650BB7} = {240FED3A-1195-40E2-98F3-152BBFDAEC23}
		{D04FB2A4-EFA5-45AA-9E1F-4A7D06D8E3B8} = {B64806A8-6C03-4891-BBE3-880493650BB7}
	EndGlobalSection
	GlobalSection(ExtensibilityGlobals) = postSolution
		SolutionGuid = {203424E4-630F-4D5E-A296-7ED151C6C886}
	EndGlobalSection
EndGlobal
